{
  "lockfileVersion": 1,
  "configVersion": 1,
  "workspaces": {
    "": {
      "name": "bun-hydrate",
      "dependencies": {
        "@bun-hydrate/auth": "workspace:*",
        "@bun-hydrate/cache": "workspace:*",
        "@bun-hydrate/core": "workspace:*",
        "@bun-hydrate/database": "workspace:*",
        "@bun-hydrate/di": "workspace:*",
        "@bun-hydrate/events": "workspace:*",
        "@bun-hydrate/observability": "workspace:*",
        "@bun-hydrate/queue": "workspace:*",
        "@bun-hydrate/rate-limit": "workspace:*",
        "@bun-hydrate/react": "workspace:*",
        "@bun-hydrate/redis": "workspace:*",
        "@bun-hydrate/storage": "workspace:*",
        "@bun-hydrate/validation": "workspace:*",
        "react": "^19.3.0",
        "react-dom": "^19.3.0",
      },
      "devDependencies": {
        "@bun-hydrate/cli": "workspace:*",
        "@bun-hydrate/testing": "workspace:*",
        "@types/bun": "^1.3.11",
        "@types/react": "^19.2.0",
        "@types/react-dom": "^19.2.0",
        "playwright-core": "1.56.1",
        "sass-embedded": "^1.105.1",
        "typescript": "^5.9.0",
      },
    },
    "packages/auth": {
      "name": "@bun-hydrate/auth",
      "version": "0.1.0",
      "peerDependencies": {
        "@bun-hydrate/cache": "workspace:*",
        "@bun-hydrate/core": "workspace:*",
        "@bun-hydrate/database": "workspace:*",
        "@bun-hydrate/di": "workspace:*",
      },
    },
    "packages/cache": {
      "name": "@bun-hydrate/cache",
      "version": "0.1.0",
      "peerDependencies": {
        "@bun-hydrate/core": "workspace:*",
        "@bun-hydrate/redis": "workspace:*",
      },
    },
    "packages/cli": {
      "name": "@bun-hydrate/cli",
      "version": "0.1.0",
      "bin": {
        "hydrate": "./src/bin.ts",
      },
      "dependencies": {
        "@bun-hydrate/database": "workspace:*",
        "@bun-hydrate/queue": "workspace:*",
        "@bun-hydrate/react": "workspace:*",
      },
    },
    "packages/core": {
      "name": "@bun-hydrate/core",
      "version": "0.1.0",
    },
    "packages/database": {
      "name": "@bun-hydrate/database",
      "version": "0.1.0",
      "peerDependencies": {
        "@bun-hydrate/core": "workspace:*",
      },
    },
    "packages/di": {
      "name": "@bun-hydrate/di",
      "version": "0.1.0",
      "peerDependencies": {
        "@bun-hydrate/core": "workspace:*",
      },
    },
    "packages/events": {
      "name": "@bun-hydrate/events",
      "version": "0.1.0",
      "peerDependencies": {
        "@bun-hydrate/core": "workspace:*",
        "@bun-hydrate/database": "workspace:*",
        "@bun-hydrate/di": "workspace:*",
        "@bun-hydrate/queue": "workspace:*",
        "@bun-hydrate/validation": "workspace:*",
      },
    },
    "packages/observability": {
      "name": "@bun-hydrate/observability",
      "version": "0.1.0",
      "peerDependencies": {
        "@bun-hydrate/core": "workspace:*",
        "@bun-hydrate/database": "workspace:*",
      },
    },
    "packages/queue": {
      "name": "@bun-hydrate/queue",
      "version": "0.1.0",
      "peerDependencies": {
        "@bun-hydrate/core": "workspace:*",
        "@bun-hydrate/database": "workspace:*",
        "@bun-hydrate/di": "workspace:*",
        "@bun-hydrate/redis": "workspace:*",
        "@bun-hydrate/validation": "workspace:*",
      },
    },
    "packages/rate-limit": {
      "name": "@bun-hydrate/rate-limit",
      "version": "0.1.0",
      "peerDependencies": {
        "@bun-hydrate/core": "workspace:*",
        "@bun-hydrate/redis": "workspace:*",
      },
    },
    "packages/react": {
      "name": "@bun-hydrate/react",
      "version": "0.1.0",
      "peerDependencies": {
        "@bun-hydrate/auth": "workspace:*",
        "@bun-hydrate/core": "workspace:*",
        "react": "^19.0.0",
        "react-dom": "^19.0.0",
      },
    },
    "packages/redis": {
      "name": "@bun-hydrate/redis",
      "version": "0.1.0",
      "peerDependencies": {
        "@bun-hydrate/core": "workspace:*",
      },
    },
    "packages/storage": {
      "name": "@bun-hydrate/storage",
      "version": "0.1.0",
      "peerDependencies": {
        "@bun-hydrate/core": "workspace:*",
      },
    },
    "packages/testing": {
      "name": "@bun-hydrate/testing",
      "version": "0.1.0",
      "peerDependencies": {
        "@bun-hydrate/auth": "workspace:*",
        "@bun-hydrate/core": "workspace:*",
        "@bun-hydrate/database": "workspace:*",
        "@bun-hydrate/queue": "workspace:*",
        "@bun-hydrate/storage": "workspace:*",
      },
    },
    "packages/validation": {
      "name": "@bun-hydrate/validation",
      "version": "0.1.0",
      "peerDependencies": {
        "@bun-hydrate/core": "workspace:*",
      },
    },
  },
  "packages": {
    "@bufbuild/protobuf": ["@bufbuild/protobuf@2.16.0", "", {}, "sha512-FWa0sPlqYGJgpTs6OxBRcL/AW4JT0OIO+W1ajerluoTVh8CV0B7XM1qsNCRgnkSCkRCgOICKHRQlY17jrsm0+Q=="],

    "@bun-hydrate/auth": ["@bun-hydrate/auth@workspace:packages/auth"],

    "@bun-hydrate/cache": ["@bun-hydrate/cache@workspace:packages/cache"],

    "@bun-hydrate/cli": ["@bun-hydrate/cli@workspace:packages/cli"],

    "@bun-hydrate/core": ["@bun-hydrate/core@workspace:packages/core"],

    "@bun-hydrate/database": ["@bun-hydrate/database@workspace:packages/database"],

    "@bun-hydrate/di": ["@bun-hydrate/di@workspace:packages/di"],

    "@bun-hydrate/events": ["@bun-hydrate/events@workspace:packages/events"],

    "@bun-hydrate/observability": ["@bun-hydrate/observability@workspace:packages/observability"],

    "@bun-hydrate/queue": ["@bun-hydrate/queue@workspace:packages/queue"],

    "@bun-hydrate/rate-limit": ["@bun-hydrate/rate-limit@workspace:packages/rate-limit"],

    "@bun-hydrate/react": ["@bun-hydrate/react@workspace:packages/react"],

    "@bun-hydrate/redis": ["@bun-hydrate/redis@workspace:packages/redis"],

    "@bun-hydrate/storage": ["@bun-hydrate/storage@workspace:packages/storage"],

    "@bun-hydrate/testing": ["@bun-hydrate/testing@workspace:packages/testing"],

    "@bun-hydrate/validation": ["@bun-hydrate/validation@workspace:packages/validation"],

    "@parcel/watcher": ["@parcel/watcher@2.6.0", "", { "dependencies": { "detect-libc": "^2.0.3", "is-glob": "^4.0.3", "node-addon-api": "^7.0.0", "picomatch": "^4.0.4" }, "optionalDependencies": { "@parcel/watcher-android-arm64": "2.6.0", "@parcel/watcher-darwin-arm64": "2.6.0", "@parcel/watcher-darwin-x64": "2.6.0", "@parcel/watcher-freebsd-x64": "2.6.0", "@parcel/watcher-linux-arm-glibc": "2.6.0", "@parcel/watcher-linux-arm-musl": "2.6.0", "@parcel/watcher-linux-arm64-glibc": "2.6.0", "@parcel/watcher-linux-arm64-musl": "2.6.0", "@parcel/watcher-linux-x64-glibc": "2.6.0", "@parcel/watcher-linux-x64-musl": "2.6.0", "@parcel/watcher-win32-arm64": "2.6.0", "@parcel/watcher-win32-x64": "2.6.0" } }, "sha512-7FNeNl8NCE7aINx7WXiKQrPYZWC/hvrTsmk6zmxbI7LTXE7hVek/n8AfVgpe2y82zl3w0HvCHN0bVKMBoJcC0w=="],

    "@parcel/watcher-android-arm64": ["@parcel/watcher-android-arm64@2.6.0", "", { "os": "android", "cpu": "arm64" }, "sha512-trgpLSCKRC/huFjXX/Smh+0sWe4+YtKfktIToiMl59ghz7z+qkH6kMvNnUbLyRs9N11t8l4svSCs1+5B3rOAhA=="],

    "@parcel/watcher-darwin-arm64": ["@parcel/watcher-darwin-arm64@2.6.0", "", { "os": "darwin", "cpu": "arm64" }, "sha512-Y3QV0gl7Q1zbfueunkWIERICbEojQFCgpyG7YqOGNFLsckXyI1xu9mAIUpKY9QBYzBtSkN8dBPwd3yiAO9ovMw=="],

    "@parcel/watcher-darwin-x64": ["@parcel/watcher-darwin-x64@2.6.0", "", { "os": "darwin", "cpu": "x64" }, "sha512-Ohv6OpzhUfKYD7Beb8kDvG0jbIxORCYY1JRdZnaBtnjjkJxgD7ZVL0nw2sCYd0yTMKTvz3nnTnOF3cDifK+kvw=="],

    "@parcel/watcher-freebsd-x64": ["@parcel/watcher-freebsd-x64@2.6.0", "", { "os": "freebsd", "cpu": "x64" }, "sha512-5HmXvDgs8VK+74jF9y9/2FE3/OnlcKmc56tjmSrEuZjpSZOGL+fvAu+HKJBdPs9uwoP2hE6TlSUpXZ/C5jUFmQ=="],

    "@parcel/watcher-linux-arm-glibc": ["@parcel/watcher-linux-arm-glibc@2.6.0", "", { "os": "linux", "cpu": "arm" }, "sha512-Ps/hui3A+vMbjdqlqAowK2ZL8+BO8dBjxeWXj6npTBs3jx4wWmbPpaLuqwrQrSqIVMCnpWo238bJ1U37GhQOYg=="],

    "@parcel/watcher-linux-arm-musl": ["@parcel/watcher-linux-arm-musl@2.6.0", "", { "os": "linux", "cpu": "arm" }, "sha512-9c6AUHgHoG+IY88MRIHupztQiQnrbqHYQjkM2btA+Bf/wQnQMuiD0Wfk1EVv3TlNT3x41uU71rn6E4xh/+zvkw=="],

    "@parcel/watcher-linux-arm64-glibc": ["@parcel/watcher-linux-arm64-glibc@2.6.0", "", { "os": "linux", "cpu": "arm64" }, "sha512-yHRqS2owEXe6Hic9z6Mh1ECsCd+ODVOGvZDyciqRd21+v+o+DnXMOrw50DSpIG2sb8GPEaPPmfeCAWKPJdq46g=="],

    "@parcel/watcher-linux-arm64-musl": ["@parcel/watcher-linux-arm64-musl@2.6.0", "", { "os": "linux", "cpu": "arm64" }, "sha512-WhB2e/V7rqdHHWZusBSPuy5Ei8S6lSz6FE5TKKQz5h3a0O+C+mhY7vxU9b/stqvMb8beLnPY82ZrFTLKs+SrKA=="],

    "@parcel/watcher-linux-x64-glibc": ["@parcel/watcher-linux-x64-glibc@2.6.0", "", { "os": "linux", "cpu": "x64" }, "sha512-ulGE6x6Oz6iAwg75T8YQSoguBWasniIbX+QWpaYPcCnDOpdWX3k+4xbEYPZVLxOuoJI+svJJPD3sEj8G7lrQ3A=="],

    "@parcel/watcher-linux-x64-musl": ["@parcel/watcher-linux-x64-musl@2.6.0", "", { "os": "linux", "cpu": "x64" }, "sha512-tkBYKt7YQrjIJWYDnto2YgO8MRkjlMTSNoRHzsXinBqbLdeOM3L32wPZJvIZxqaLMfSlS/4sUjH/6STVP/XDLw=="],

    "@parcel/watcher-win32-arm64": ["@parcel/watcher-win32-arm64@2.6.0", "", { "os": "win32", "cpu": "arm64" }, "sha512-gIZAP23jaHjGWasY/TY6yL7NHFClf0Ga7FN+iINvk+KN94rhm94lYZhFsbYFNcA04/onvGD9kKmiJLJB2HbNwQ=="],

    "@parcel/watcher-win32-x64": ["@parcel/watcher-win32-x64@2.6.0", "", { "os": "win32", "cpu": "x64" }, "sha512-cA+/pXV2YkfxlIcXOQ5fSWqAzzPyD78/x5qbK/I0vUkrlYHA8TIz+MXjAbGouguKVSI4bOmkTSJ1/poVSsgt+A=="],

    "@types/bun": ["@types/bun@1.4.2", "", { "dependencies": { "bun-types": "1.4.2" } }, "sha512-GimotNn7+ZV0uVArItBbriZsR1oNf0+WTzPkdcFrzShI7k2norL0uzEaJT8T33dWr7O/c9ZDuAFQrctKCi72oQ=="],

    "@types/node": ["@types/node@26.6.3", "", { "dependencies": { "undici-types": "~8.9.0" } }, "sha512-dsqMQQoeTLqu9wynDD00q573mNzso3IdQOAfHRJqLCcmCFPoGo9A1bDpUcv/9tnKpErQWv9uKeGfl37EIS02Yg=="],

    "@types/react": ["@types/react@19.3.0", "", { "dependencies": { "csstype": "^3.2.2" } }, "sha512-N0rFCuH9YoxG9/m61l9MfpJKfmLOVU0em7ipIz6TRgSSkvReLB9vL85GB+yr8Bs5leqpvg96JSwF4ZS1s4viQg=="],

    "@types/react-dom": ["@types/react-dom@19.3.0", "", { "peerDependencies": { "@types/react": "^19.3.0" } }, "sha512-ZI7bU42mZXXKHn/qNLEw2IrbiINU7X5+vfgdixBHkCNpYWXjKgfQ/P+uyGb5CjOLB9UcnTeg3rylQtV2hym44Q=="],

    "bun-types": ["bun-types@1.4.2", "", { "dependencies": { "@types/node": "*" } }, "sha512-bxV1FgK7yBIzjRe5zBozIM4Bem11ZJcCXSrjWRG3YWLt8yFDePu4cLjpebO8OvPeIE9trbyPF4fuj3Cia4Fj3w=="],

    "chokidar": ["chokidar@5.0.0", "", { "dependencies": { "readdirp": "^5.0.0" } }, "sha512-TQMmc3w+5AxjpL8iIiwebF73dRDF4fBIieAqGn9RGCWaEVwQ6Fb2cGe31Yns0RRIzii5goJ1Y7xbMwo1TxMplw=="],

    "colorjs.io": ["colorjs.io@0.7.1", "", {}, "sha512-LY7OHnJZxHwT5UlzNa9bbhHHDbzB6yE5+3MIPwJEQKRvSCt/T4G7epsj+9j2BExUIIfXFIJGsIXUKdfrK9Q5tA=="],

    "csstype": ["csstype@3.2.3", "", {}, "sha512-z1HGKcYy2xA8AGQfwrn0PAy+PB7X/GSj3UVJW9qKyn43xWa+gl5nXmU4qqLMRzWVLFC8KusUX8T/0kCiOYpAIQ=="],

    "detect-libc": ["detect-libc@2.1.2", "", {}, "sha512-Btj2BOOO83o3WyH59e8MgXsxEQVcarkUOpEYrubB0urwnN10yQ364rsiByU11nZlqWYZm05i/of7io4mzihBtQ=="],

    "has-flag": ["has-flag@4.0.0", "", {}, "sha512-EykJT/Q1KjTWctppgIAgfSO0tKVuZUjhgMr17kqTumMl6Afv3EISleU7qZUzoXDFTAHTDC4NOoG/ZxU3EvlMPQ=="],

    "immutable": ["immutable@5.1.9", "", {}, "sha512-m8nVez3rwrgmWxtLMt1ZYXB2Lv7OKYn/disyxAlSDYAlKSlFoPPfIAmAM/M5xqL4m4C/wAPw7S2/CNaUii1Hxg=="],

    "is-extglob": ["is-extglob@2.1.1", "", {}, "sha512-SbKbANkN603Vi4jEZv49LeVJMn4yGwsbzZworEoyEiutsN3nJYdbO36zfhGJ6QEDpOZIFkDtnq5JRxmvl3jsoQ=="],

    "is-glob": ["is-glob@4.0.3", "", { "dependencies": { "is-extglob": "^2.1.1" } }, "sha512-xelSayHH36ZgE7ZWhli7pW34hNbNl8Ojv5KVmkJD4hBdD3th8Tfk9vYasLM+mXWOZhFkgZfxhLSnrwRr4elSSg=="],

    "node-addon-api": ["node-addon-api@7.1.1", "", {}, "sha512-5m3bsyrjFWE1xf7nz7YXdN4udnVtXK6/Yfgn5qnahL6bCkf2yKt4k3nuTKAtT4r3IG8JNR2ncsIMdZuAzJjHQQ=="],

    "picomatch": ["picomatch@4.0.7", "", {}, "sha512-qcJu88Q2IWqJsDD529JKMdwGm/dvInW4HvQnRwiH9JtihJvzGOscDtHE3x1pBKeUOTysQ8kVmLnJ2kJu7yhcGA=="],

    "playwright-core": ["playwright-core@1.56.1", "", { "bin": { "playwright-core": "cli.js" } }, "sha512-hutraynyn31F+Bifme+Ps9Vq59hKuUCz7H1kDOcBs+2oGguKkWTU50bBWrtz34OUWmIwpBTWDxaRPXrIXkgvmQ=="],

    "react": ["react@19.3.0", "", {}, "sha512-E8LUcbtBWt20bbl2YoHfx4ZDBdxVTfOKtCZn9cDSJ4l6/nuoApcpIBcj47t2wZoVX8g2ZHuMHbiShgCR1T5Sog=="],

    "react-dom": ["react-dom@19.3.0", "", { "dependencies": { "scheduler": "^0.28.0" }, "peerDependencies": { "react": "^19.3.0" } }, "sha512-JDk8dgif51OjFoDE70+OT9ICyYr+69HlmihNwp1+Nsfbna3t5sIiCa9ZJktDmQ4/1b/rn26hIAR2uYXDMr5r0Q=="],

    "readdirp": ["readdirp@5.1.1", "", {}, "sha512-Kko+Y5XQ6fM+Ce3dq3m9YGxnacYZYl9cA1wZjaF3Vbry2L3i1qVg8+CAgNPsXRArPMUMCaOR7oa9Nqntc43JKA=="],

    "rxjs": ["rxjs@7.8.2", "", { "dependencies": { "tslib": "^2.1.0" } }, "sha512-dhKf903U/PQZY6boNNtAGdWbG85WAbjT/1xYoZIC7FAY0yWapOBQVsVrDl58W86//e1VpMNBtRV4MaXfdMySFA=="],

    "sass": ["sass@1.105.1", "", { "dependencies": { "chokidar": "^5.0.0", "immutable": "^5.1.5", "source-map-js": ">=0.6.2 <2.0.0" }, "optionalDependencies": { "@parcel/watcher": "^2.4.1" }, "bin": { "sass": "sass.js" } }, "sha512-1CnAWPyrrnVQzXGB/DUep1vYCKCm1CIBr+YxjjiW6wk9qtzemnGP4qicH56T2F9S4Hjtv/Ne3jDz8JqfdDU4oA=="],

    "sass-embedded": ["sass-embedded@1.105.1", "", { "dependencies": { "@bufbuild/protobuf": "^2.5.0", "colorjs.io": "^0.7.0", "immutable": "^5.1.5", "rxjs": "^7.4.0", "supports-color": "^8.1.1", "sync-child-process": "^1.0.2", "varint": "^6.0.0" }, "optionalDependencies": { "sass-embedded-all-unknown": "1.105.1", "sass-embedded-android-arm": "1.105.1", "sass-embedded-android-arm64": "1.105.1", "sass-embedded-android-riscv64": "1.105.1", "sass-embedded-android-x64": "1.105.1", "sass-embedded-darwin-arm64": "1.105.1", "sass-embedded-darwin-x64": "1.105.1", "sass-embedded-linux-arm": "1.105.1", "sass-embedded-linux-arm64": "1.105.1", "sass-embedded-linux-musl-arm": "1.105.1", "sass-embedded-linux-musl-arm64": "1.105.1", "sass-embedded-linux-musl-riscv64": "1.105.1", "sass-embedded-linux-musl-x64": "1.105.1", "sass-embedded-linux-riscv64": "1.105.1", "sass-embedded-linux-x64": "1.105.1", "sass-embedded-unknown-all": "1.105.1", "sass-embedded-win32-arm64": "1.105.1", "sass-embedded-win32-x64": "1.105.1" }, "bin": { "sass": "dist/bin/sass.js" } }, "sha512-9tKxXG4rq+oGTZUlQehWZwHxBTL80EiB8IWk9AEqz8uOqg910t88JIYbN92eMCxokQ5vrYSQxg15bh0o/3hh3w=="],

    "sass-embedded-all-unknown": ["sass-embedded-all-unknown@1.105.1", "", { "dependencies": { "sass": "1.105.1" }, "cpu": [ "!arm", "!x64", "!arm64", ] }, "sha512-kN0G03K9KoUbSf72t7ZvxAudcB4Wbf0M0XFaPc1gaF94jEPUb0xLCQUIPIDPH2Kx8vpYZ/GzzgF7USsB6rUYfw=="],

    "sass-embedded-android-arm": ["sass-embedded-android-arm@1.105.1", "", { "os": "android", "cpu": "arm" }, "sha512-WYltUXkUP9jDaUq4uUiLgZXyYO5c72sa/TvpO4E2MMRdS+WJWgrPUDyvO+DpMR9gKWIm0QQ5cCEYnPDgovjVJw=="],

    "sass-embedded-android-arm64": ["sass-embedded-android-arm64@1.105.1", "", { "os": "android", "cpu": "arm64" }, "sha512-lWnIFmW3gL4ZDfZgjeUfxazmA0zlwSS/ADe2q9XmP0W2UfM9kuvrXdWvp6KjZOCv0CrTYVQMrIUj8Of1L2M24Q=="],

    "sass-embedded-android-riscv64": ["sass-embedded-android-riscv64@1.105.1", "", { "os": "android", "cpu": "none" }, "sha512-lWity0qhyQyPgkHUfZz+4IeD0r6mcAqG9KzOwVSjUrcSR9xAfWFKYAtHTA05R28ymyXf2Sf2+XfNV7YkxLgkUQ=="],

    "sass-embedded-android-x64": ["sass-embedded-android-x64@1.105.1", "", { "os": "android", "cpu": "x64" }, "sha512-FRGZuIZ9eS3qutYPFqz8u12Ti9ccyWKWb7F7rKRI1BkIEmLZV1rC862dUGnTV2d9Tk9qbSAXL71t8alUR+fzIA=="],

    "sass-embedded-darwin-arm64": ["sass-embedded-darwin-arm64@1.105.1", "", { "os": "darwin", "cpu": "arm64" }, "sha512-75qVpHj0qwJKWOo+ZA5NPVFnOGfRrUiBdnLR0dPqsvzp3acvb5gBevptqTtJjVWubpYRIjcRdDDjmeWoXnfacQ=="],

    "sass-embedded-darwin-x64": ["sass-embedded-darwin-x64@1.105.1", "", { "os": "darwin", "cpu": "x64" }, "sha512-5TV8xyZrOO89ky752favkTuyz9O2hOB2aMoiUpMTk0rFr+UVANcXdIrEvJ9WKoqTHaszim7un3jADumunpW7zQ=="],

    "sass-embedded-linux-arm": ["sass-embedded-linux-arm@1.105.1", "", { "os": "linux", "cpu": "arm" }, "sha512-Ng9GWIF6heTrwc9r/FFY9oUSoaylV2zcS296Qo2re3tJfLMWR37O2JUMyzPT+vtkRs8k3JOE6jTFVlXYnz4EAA=="],

    "sass-embedded-linux-arm64": ["sass-embedded-linux-arm64@1.105.1", "", { "os": "linux", "cpu": "arm64" }, "sha512-arALlVQkXjxN1RPaQR41vbDYXrTIdXwPtEzBWRkOg7FdIN/dSohY8ik96M6M3MSc+niV/UIC7BO47PcspzJGpw=="],

    "sass-embedded-linux-musl-arm": ["sass-embedded-linux-musl-arm@1.105.1", "", { "os": "linux", "cpu": "arm" }, "sha512-7u932XawHxGZvuYV4pOqcCvQi05yMONDmNDxVNh8Q7KmpytQP7mnyxBOYWStiw/p665AVL6BYGe7WY/vzCcWGw=="],

    "sass-embedded-linux-musl-arm64": ["sass-embedded-linux-musl-arm64@1.105.1", "", { "os": "linux", "cpu": "arm64" }, "sha512-KizYVR3d70U67iLgKdF+HCKBdQYUxYiv0YWCS3zl6GwNGIbGXlkOtnjxus41CKTA4oOK0KsSus9P5zwhOBjiYA=="],

    "sass-embedded-linux-musl-riscv64": ["sass-embedded-linux-musl-riscv64@1.105.1", "", { "os": "linux", "cpu": "none" }, "sha512-gs84BgRBVNMX5fHRU3wxc3HuJjl0dUmZFpcVIaDDEVhnp5oXFLQp+gEu0xBBAurTzCHVpPU6GlGK6B1gRKmbhg=="],

    "sass-embedded-linux-musl-x64": ["sass-embedded-linux-musl-x64@1.105.1", "", { "os": "linux", "cpu": "x64" }, "sha512-jFSRc1BSoCo0bw6GXmBWQMzdj0FBl2FTKSRqQSye3vmlI9O466DwBK4OQL9HRp6MGdY9IQFFMZLPZo5LJWIPsQ=="],

    "sass-embedded-linux-riscv64": ["sass-embedded-linux-riscv64@1.105.1", "", { "os": "linux", "cpu": "none" }, "sha512-tkZs6OvA+omJgSf8EaPQavq6M7bJNLm88eKt3yzYnBy0dVGMao4+lyRb/EnsgIq2R/B2lhxUHhSVNWAcY5bgXw=="],

    "sass-embedded-linux-x64": ["sass-embedded-linux-x64@1.105.1", "", { "os": "linux", "cpu": "x64" }, "sha512-YF4OyymSlm26OcdPovIZL1blzjTxf5yN/rzgTmoGqAjEk57+yIuYo+7jBCgSQZFov8Rn4uHhZT+u0cpzxNFMRg=="],

    "sass-embedded-unknown-all": ["sass-embedded-unknown-all@1.105.1", "", { "dependencies": { "sass": "1.105.1" }, "os": [ "!linux", "!win32", "!darwin", "!android", ] }, "sha512-bd2zDf+MdoPdRDH1awSQ+IL67vHvCbiKsWJ95XchPg3I67zQlXjTSf9KqRiE6twjNT1fRV82JUKoc0Hf6CUmfQ=="],

    "sass-embedded-win32-arm64": ["sass-embedded-win32-arm64@1.105.1", "", { "os": "win32", "cpu": "arm64" }, "sha512-Zpp/RWYL8ZzpLzBrs+/UVMEHOHx7sw4nlq2R52dKQ0qv/0V8oKemAy41PZyLir3c+S2C+YViYyfnFfQLRTAzuA=="],

    "sass-embedded-win32-x64": ["sass-embedded-win32-x64@1.105.1", "", { "os": "win32", "cpu": "x64" }, "sha512-DM8EkMDzEsxnYoy11nyA5I4jr8lOV1TVQ/drNYvFQA9undiMzZD+7SkRA0OnCrgD1uCT+uRArCHSpNiiYVks+g=="],

    "scheduler": ["scheduler@0.28.0", "", {}, "sha512-juorfCmIkIw8tT+p5BXSm6PJjQF/ycEYmKyzURCIt/RaZIhL+PulbQ9Yu2z1HdOJDdqDTlxA1+xKBmHXJsczAw=="],

    "source-map-js": ["source-map-js@1.2.2", "", {}, "sha512-KGj/8Y43x35aZVDtt+J4mK1hoLGHULMYfSkODJNQjNDC3oW1PqPoxMwo0pLUsWM/UEGzON/NxeHywEfNXNP3Vw=="],

    "supports-color": ["supports-color@8.1.1", "", { "dependencies": { "has-flag": "^4.0.0" } }, "sha512-MpUEN2OodtUzxvKQl72cUF7RQ5EiHsGvSsVG0ia9c5RbWGL2CI4C7EpPS8UTBIplnlzZiNuV56w+FuNxy3ty2Q=="],

    "sync-child-process": ["sync-child-process@1.0.2", "", { "dependencies": { "sync-message-port": "^1.0.0" } }, "sha512-8lD+t2KrrScJ/7KXCSyfhT3/hRq78rC0wBFqNJXv3mZyn6hW2ypM05JmlSvtqRbeq6jqA94oHbxAr2vYsJ8vDA=="],

    "sync-message-port": ["sync-message-port@1.2.0", "", {}, "sha512-gAQ9qrUN/UCypHtGFbbe7Rc/f9bzO88IwrG8TDo/aMKAApKyD6E3W4Cm0EfhfBb6Z6SKt59tTCTfD+n1xmAvMg=="],

    "tslib": ["tslib@2.8.1", "", {}, "sha512-oJFu94HQb+KVduSUQL7wnpmqnfmLsOA/nAh6b6EH0wCEoK0/mPeXU6c3wKDV83MkOuHPRHtSXKKU99IBazS/2w=="],

    "typescript": ["typescript@5.9.3", "", { "bin": { "tsc": "bin/tsc", "tsserver": "bin/tsserver" } }, "sha512-jl1vZzPDinLr9eUt3J/t7V6FgNEw9QjvBPdysz9KfQDD41fQrC2Y4vKQdiaUpFT4bXlb1RHhLpp8wtm6M5TgSw=="],

    "undici-types": ["undici-types@8.9.0", "", {}, "sha512-KTDyRTYX8sWmKXAikPHHSyc63CRPETMctyjKFupcC6OBLXT3xsN0e9aF7m+mIXutFWpUXuedtowG7iLOzp0kQg=="],

    "varint": ["varint@6.0.0", "", {}, "sha512-cXEIW6cfr15lFv563k4GuVuW/fiwjknytD37jIOLSdSWuOI6WnO/oKwmP2FQTU2l01LP8/M5TSAJpzUaGe3uWg=="],
  }
}
