{
  "lockfileVersion": 1,
  "configVersion": 1,
  "workspaces": {
    "": {
      "name": "bun-hydrate",
      "dependencies": {
        "@bun-hydrate/auth": "workspace:*",
        "@bun-hydrate/cache": "workspace:*",
        "@bun-hydrate/core": "workspace:*",
        "@bun-hydrate/database": "workspace:*",
        "@bun-hydrate/di": "workspace:*",
        "@bun-hydrate/events": "workspace:*",
        "@bun-hydrate/observability": "workspace:*",
        "@bun-hydrate/queue": "workspace:*",
        "@bun-hydrate/rate-limit": "workspace:*",
        "@bun-hydrate/react": "workspace:*",
        "@bun-hydrate/redis": "workspace:*",
        "@bun-hydrate/validation": "workspace:*",
        "react": "^19.3.0",
        "react-dom": "^19.3.0",
      },
      "devDependencies": {
        "@bun-hydrate/cli": "workspace:*",
        "@bun-hydrate/testing": "workspace:*",
        "@types/bun": "^1.3.11",
        "@types/react": "^19.2.0",
        "@types/react-dom": "^19.2.0",
        "playwright-core": "1.56.1",
        "typescript": "^5.9.0",
      },
    },
    "packages/auth": {
      "name": "@bun-hydrate/auth",
      "version": "0.1.0",
      "peerDependencies": {
        "@bun-hydrate/cache": "workspace:*",
        "@bun-hydrate/core": "workspace:*",
        "@bun-hydrate/database": "workspace:*",
        "@bun-hydrate/di": "workspace:*",
      },
    },
    "packages/cache": {
      "name": "@bun-hydrate/cache",
      "version": "0.1.0",
      "peerDependencies": {
        "@bun-hydrate/core": "workspace:*",
        "@bun-hydrate/redis": "workspace:*",
      },
    },
    "packages/cli": {
      "name": "@bun-hydrate/cli",
      "version": "0.1.0",
      "bin": {
        "hydrate": "./src/bin.ts",
      },
      "dependencies": {
        "@bun-hydrate/database": "workspace:*",
        "@bun-hydrate/react": "workspace:*",
      },
    },
    "packages/core": {
      "name": "@bun-hydrate/core",
      "version": "0.1.0",
    },
    "packages/database": {
      "name": "@bun-hydrate/database",
      "version": "0.1.0",
      "peerDependencies": {
        "@bun-hydrate/core": "workspace:*",
      },
    },
    "packages/di": {
      "name": "@bun-hydrate/di",
      "version": "0.1.0",
      "peerDependencies": {
        "@bun-hydrate/core": "workspace:*",
      },
    },
    "packages/events": {
      "name": "@bun-hydrate/events",
      "version": "0.1.0",
      "peerDependencies": {
        "@bun-hydrate/core": "workspace:*",
        "@bun-hydrate/database": "workspace:*",
        "@bun-hydrate/di": "workspace:*",
        "@bun-hydrate/queue": "workspace:*",
        "@bun-hydrate/validation": "workspace:*",
      },
    },
    "packages/observability": {
      "name": "@bun-hydrate/observability",
      "version": "0.1.0",
      "peerDependencies": {
        "@bun-hydrate/core": "workspace:*",
        "@bun-hydrate/database": "workspace:*",
      },
    },
    "packages/queue": {
      "name": "@bun-hydrate/queue",
      "version": "0.1.0",
      "peerDependencies": {
        "@bun-hydrate/core": "workspace:*",
        "@bun-hydrate/database": "workspace:*",
        "@bun-hydrate/di": "workspace:*",
        "@bun-hydrate/redis": "workspace:*",
        "@bun-hydrate/validation": "workspace:*",
      },
    },
    "packages/rate-limit": {
      "name": "@bun-hydrate/rate-limit",
      "version": "0.1.0",
      "peerDependencies": {
        "@bun-hydrate/core": "workspace:*",
        "@bun-hydrate/redis": "workspace:*",
      },
    },
    "packages/react": {
      "name": "@bun-hydrate/react",
      "version": "0.1.0",
      "peerDependencies": {
        "@bun-hydrate/auth": "workspace:*",
        "@bun-hydrate/core": "workspace:*",
        "react": "^19.0.0",
        "react-dom": "^19.0.0",
      },
    },
    "packages/redis": {
      "name": "@bun-hydrate/redis",
      "version": "0.1.0",
    },
    "packages/testing": {
      "name": "@bun-hydrate/testing",
      "version": "0.1.0",
      "peerDependencies": {
        "@bun-hydrate/auth": "workspace:*",
        "@bun-hydrate/core": "workspace:*",
        "@bun-hydrate/database": "workspace:*",
        "@bun-hydrate/queue": "workspace:*",
      },
    },
    "packages/validation": {
      "name": "@bun-hydrate/validation",
      "version": "0.1.0",
      "peerDependencies": {
        "@bun-hydrate/core": "workspace:*",
      },
    },
  },
  "packages": {
    "@bun-hydrate/auth": ["@bun-hydrate/auth@workspace:packages/auth"],

    "@bun-hydrate/cache": ["@bun-hydrate/cache@workspace:packages/cache"],

    "@bun-hydrate/cli": ["@bun-hydrate/cli@workspace:packages/cli"],

    "@bun-hydrate/core": ["@bun-hydrate/core@workspace:packages/core"],

    "@bun-hydrate/database": ["@bun-hydrate/database@workspace:packages/database"],

    "@bun-hydrate/di": ["@bun-hydrate/di@workspace:packages/di"],

    "@bun-hydrate/events": ["@bun-hydrate/events@workspace:packages/events"],

    "@bun-hydrate/observability": ["@bun-hydrate/observability@workspace:packages/observability"],

    "@bun-hydrate/queue": ["@bun-hydrate/queue@workspace:packages/queue"],

    "@bun-hydrate/rate-limit": ["@bun-hydrate/rate-limit@workspace:packages/rate-limit"],

    "@bun-hydrate/react": ["@bun-hydrate/react@workspace:packages/react"],

    "@bun-hydrate/redis": ["@bun-hydrate/redis@workspace:packages/redis"],

    "@bun-hydrate/testing": ["@bun-hydrate/testing@workspace:packages/testing"],

    "@bun-hydrate/validation": ["@bun-hydrate/validation@workspace:packages/validation"],

    "@types/bun": ["@types/bun@1.4.2", "", { "dependencies": { "bun-types": "1.4.2" } }, "sha512-GimotNn7+ZV0uVArItBbriZsR1oNf0+WTzPkdcFrzShI7k2norL0uzEaJT8T33dWr7O/c9ZDuAFQrctKCi72oQ=="],

    "@types/node": ["@types/node@26.6.3", "", { "dependencies": { "undici-types": "~8.9.0" } }, "sha512-dsqMQQoeTLqu9wynDD00q573mNzso3IdQOAfHRJqLCcmCFPoGo9A1bDpUcv/9tnKpErQWv9uKeGfl37EIS02Yg=="],

    "@types/react": ["@types/react@19.3.0", "", { "dependencies": { "csstype": "^3.2.2" } }, "sha512-N0rFCuH9YoxG9/m61l9MfpJKfmLOVU0em7ipIz6TRgSSkvReLB9vL85GB+yr8Bs5leqpvg96JSwF4ZS1s4viQg=="],

    "@types/react-dom": ["@types/react-dom@19.3.0", "", { "peerDependencies": { "@types/react": "^19.3.0" } }, "sha512-ZI7bU42mZXXKHn/qNLEw2IrbiINU7X5+vfgdixBHkCNpYWXjKgfQ/P+uyGb5CjOLB9UcnTeg3rylQtV2hym44Q=="],

    "bun-types": ["bun-types@1.4.2", "", { "dependencies": { "@types/node": "*" } }, "sha512-bxV1FgK7yBIzjRe5zBozIM4Bem11ZJcCXSrjWRG3YWLt8yFDePu4cLjpebO8OvPeIE9trbyPF4fuj3Cia4Fj3w=="],

    "csstype": ["csstype@3.2.3", "", {}, "sha512-z1HGKcYy2xA8AGQfwrn0PAy+PB7X/GSj3UVJW9qKyn43xWa+gl5nXmU4qqLMRzWVLFC8KusUX8T/0kCiOYpAIQ=="],

    "playwright-core": ["playwright-core@1.56.1", "", { "bin": { "playwright-core": "cli.js" } }, "sha512-hutraynyn31F+Bifme+Ps9Vq59hKuUCz7H1kDOcBs+2oGguKkWTU50bBWrtz34OUWmIwpBTWDxaRPXrIXkgvmQ=="],

    "react": ["react@19.3.0", "", {}, "sha512-E8LUcbtBWt20bbl2YoHfx4ZDBdxVTfOKtCZn9cDSJ4l6/nuoApcpIBcj47t2wZoVX8g2ZHuMHbiShgCR1T5Sog=="],

    "react-dom": ["react-dom@19.3.0", "", { "dependencies": { "scheduler": "^0.28.0" }, "peerDependencies": { "react": "^19.3.0" } }, "sha512-JDk8dgif51OjFoDE70+OT9ICyYr+69HlmihNwp1+Nsfbna3t5sIiCa9ZJktDmQ4/1b/rn26hIAR2uYXDMr5r0Q=="],

    "scheduler": ["scheduler@0.28.0", "", {}, "sha512-juorfCmIkIw8tT+p5BXSm6PJjQF/ycEYmKyzURCIt/RaZIhL+PulbQ9Yu2z1HdOJDdqDTlxA1+xKBmHXJsczAw=="],

    "typescript": ["typescript@5.9.3", "", { "bin": { "tsc": "bin/tsc", "tsserver": "bin/tsserver" } }, "sha512-jl1vZzPDinLr9eUt3J/t7V6FgNEw9QjvBPdysz9KfQDD41fQrC2Y4vKQdiaUpFT4bXlb1RHhLpp8wtm6M5TgSw=="],

    "undici-types": ["undici-types@8.9.0", "", {}, "sha512-KTDyRTYX8sWmKXAikPHHSyc63CRPETMctyjKFupcC6OBLXT3xsN0e9aF7m+mIXutFWpUXuedtowG7iLOzp0kQg=="],
  }
}
